
Microsoft Visual Studio Solution File, Format Version 12.00
# Visual Studio 14
VisualStudioVersion = 14.0.24720.0
MinimumVisualStudioVersion = 10.0.40219.1
Project("{FAE04EC0-301F-11D3-BF4B-00C04F79EFBC}") = "Peon.Forms", "Peon.Forms\Peon.Forms.csproj", "{0538D33E-F98F-4CA5-A38C-9C62FE134A60}"
EndProject
Project("{FAE04EC0-301F-11D3-BF4B-00C04F79EFBC}") = "JollyGood", "JollyGood\JollyGood.csproj", "{020EE904-8759-40B6-8078-1526084291E5}"
EndProject
Project("{FAE04EC0-301F-11D3-BF4B-00C04F79EFBC}") = "JollyGood.Test", "JollyGood.Test\JollyGood.Test.csproj", "{5D3406A7-D264-4C0C-A85F-AB2810293000}"
EndProject
Project("{FAE04EC0-301F-11D3-BF4B-00C04F79EFBC}") = "Peon.Web", "Peon.Web\Peon.Web.csproj", "{C1EA8770-7BD3-4D2D-9679-B28D1260A269}"
EndProject
Project("{FAE04EC0-301F-11D3-BF4B-00C04F79EFBC}") = "Peon.Maps", "Peon.Maps\Peon.Maps.csproj", "{348E9AB4-AD38-4BFA-A661-DC08789C7B27}"
EndProject
Project("{FAE04EC0-301F-11D3-BF4B-00C04F79EFBC}") = "Peon.Game", "Peon.Game\Peon.Game.csproj", "{1BF40390-908E-4129-8FEC-DF788A3579A7}"
EndProject
Project("{FAE04EC0-301F-11D3-BF4B-00C04F79EFBC}") = "JollyGood.MVC", "JollyGood.MVC\JollyGood.MVC.csproj", "{C4BBE351-254E-4E28-ABE9-EAA55825F3F1}"
EndProject
Project("{FAE04EC0-301F-11D3-BF4B-00C04F79EFBC}") = "Peon.Test", "Peon.Test\Peon.Test.csproj", "{560D573D-C841-47E3-BBEE-B82927487431}"
EndProject
Global
	GlobalSection(SolutionConfigurationPlatforms) = preSolution
		Debug|Any CPU = Debug|Any CPU
		Release|Any CPU = Release|Any CPU
	EndGlobalSection
	GlobalSection(ProjectConfigurationPlatforms) = postSolution
		{0538D33E-F98F-4CA5-A38C-9C62FE134A60}.Debug|Any CPU.ActiveCfg = Debug|Any CPU
		{0538D33E-F98F-4CA5-A38C-9C62FE134A60}.Debug|Any CPU.Build.0 = Debug|Any CPU
		{0538D33E-F98F-4CA5-A38C-9C62FE134A60}.Release|Any CPU.ActiveCfg = Release|Any CPU
		{0538D33E-F98F-4CA5-A38C-9C62FE134A60}.Release|Any CPU.Build.0 = Release|Any CPU
		{020EE904-8759-40B6-8078-1526084291E5}.Debug|Any CPU.ActiveCfg = Debug|Any CPU
		{020EE904-8759-40B6-8078-1526084291E5}.Debug|Any CPU.Build.0 = Debug|Any CPU
		{020EE904-8759-40B6-8078-1526084291E5}.Release|Any CPU.ActiveCfg = Release|Any CPU
		{020EE904-8759-40B6-8078-1526084291E5}.Release|Any CPU.Build.0 = Release|Any CPU
		{5D3406A7-D264-4C0C-A85F-AB2810293000}.Debug|Any CPU.ActiveCfg = Debug|Any CPU
		{5D3406A7-D264-4C0C-A85F-AB2810293000}.Debug|Any CPU.Build.0 = Debug|Any CPU
		{5D3406A7-D264-4C0C-A85F-AB2810293000}.Release|Any CPU.ActiveCfg = Release|Any CPU
		{5D3406A7-D264-4C0C-A85F-AB2810293000}.Release|Any CPU.Build.0 = Release|Any CPU
		{C1EA8770-7BD3-4D2D-9679-B28D1260A269}.Debug|Any CPU.ActiveCfg = Debug|Any CPU
		{C1EA8770-7BD3-4D2D-9679-B28D1260A269}.Debug|Any CPU.Build.0 = Debug|Any CPU
		{C1EA8770-7BD3-4D2D-9679-B28D1260A269}.Release|Any CPU.ActiveCfg = Release|Any CPU
		{C1EA8770-7BD3-4D2D-9679-B28D1260A269}.Release|Any CPU.Build.0 = Release|Any CPU
		{348E9AB4-AD38-4BFA-A661-DC08789C7B27}.Debug|Any CPU.ActiveCfg = Debug|Any CPU
		{348E9AB4-AD38-4BFA-A661-DC08789C7B27}.Debug|Any CPU.Build.0 = Debug|Any CPU
		{348E9AB4-AD38-4BFA-A661-DC08789C7B27}.Release|Any CPU.ActiveCfg = Release|Any CPU
		{348E9AB4-AD38-4BFA-A661-DC08789C7B27}.Release|Any CPU.Build.0 = Release|Any CPU
		{1BF40390-908E-4129-8FEC-DF788A3579A7}.Debug|Any CPU.ActiveCfg = Debug|Any CPU
		{1BF40390-908E-4129-8FEC-DF788A3579A7}.Debug|Any CPU.Build.0 = Debug|Any CPU
		{1BF40390-908E-4129-8FEC-DF788A3579A7}.Release|Any CPU.ActiveCfg = Release|Any CPU
		{1BF40390-908E-4129-8FEC-DF788A3579A7}.Release|Any CPU.Build.0 = Release|Any CPU
		{C4BBE351-254E-4E28-ABE9-EAA55825F3F1}.Debug|Any CPU.ActiveCfg = Debug|Any CPU
		{C4BBE351-254E-4E28-ABE9-EAA55825F3F1}.Debug|Any CPU.Build.0 = Debug|Any CPU
		{C4BBE351-254E-4E28-ABE9-EAA55825F3F1}.Release|Any CPU.ActiveCfg = Release|Any CPU
		{C4BBE351-254E-4E28-ABE9-EAA55825F3F1}.Release|Any CPU.Build.0 = Release|Any CPU
		{560D573D-C841-47E3-BBEE-B82927487431}.Debug|Any CPU.ActiveCfg = Debug|Any CPU
		{560D573D-C841-47E3-BBEE-B82927487431}.Debug|Any CPU.Build.0 = Debug|Any CPU
		{560D573D-C841-47E3-BBEE-B82927487431}.Release|Any CPU.ActiveCfg = Release|Any CPU
		{560D573D-C841-47E3-BBEE-B82927487431}.Release|Any CPU.Build.0 = Release|Any CPU
	EndGlobalSection
	GlobalSection(SolutionProperties) = preSolution
		HideSolutionNode = FALSE
	EndGlobalSection
EndGlobal
